// !$*UTF8*$!
{
	archiveVersion = 1;
	classes = {
	};
	objectVersion = 77;
	objects = {

/* Begin PBXBuildFile section */
		2E2DE0B32DBD2E6300437BD3 /* LICENSE in Resources */ = {isa = PBXBuildFile; fileRef = 2E2DE0B12DBD2E6000437BD3 /* LICENSE */; };
		2E2DE0B62DBD2E7500437BD3 /* README.md in Resources */ = {isa = PBXBuildFile; fileRef = 2E2DE0B42DBD2E6D00437BD3 /* README.md */; };
/* End PBXBuildFile section */

/* Begin PBXContainerItemProxy section */
		2E2DE0952DBD2E5000437BD3 /* PBXContainerItemProxy */ = {
			isa = PBXContainerItemProxy;
			containerPortal = 2E2DE07B2DBD2E4E00437BD3 /* Project object */;
			proxyType = 1;
			remoteGlobalIDString = 2E2DE0822DBD2E4E00437BD3;
			remoteInfo = Cloudvia;
		};
		2E2DE09F2DBD2E5000437BD3 /* PBXContainerItemProxy */ = {
			isa = PBXContainerItemProxy;
			containerPortal = 2E2DE07B2DBD2E4E00437BD3 /* Project object */;
			proxyType = 1;
			remoteGlobalIDString = 2E2DE0822DBD2E4E00437BD3;
			remoteInfo = Cloudvia;
		};
/* End PBXContainerItemProxy section */

/* Begin PBXFileReference section */
		2E2DE0832DBD2E4E00437BD3 /* Cloudvia.app */ = {isa = PBXFileReference; explicitFileType = wrapper.application; includeInIndex = 0; path = Cloudvia.app; sourceTree = BUILT_PRODUCTS_DIR; };
		2E2DE0942DBD2E5000437BD3 /* CloudviaTests.xctest */ = {isa = PBXFileReference; explicitFileType = wrapper.cfbundle; includeInIndex = 0; path = CloudviaTests.xctest; sourceTree = BUILT_PRODUCTS_DIR; };
		2E2DE09E2DBD2E5000437BD3 /* CloudviaUITests.xctest */ = {isa = PBXFileReference; explicitFileType = wrapper.cfbundle; includeInIndex = 0; path = CloudviaUITests.xctest; sourceTree = BUILT_PRODUCTS_DIR; };
		2E2DE0B12DBD2E6000437BD3 /* LICENSE */ = {isa = PBXFileReference; lastKnownFileType = text; path = LICENSE; sourceTree = "<group>"; };
		2E2DE0B42DBD2E6D00437BD3 /* README.md */ = {isa = PBXFileReference; lastKnownFileType = net.daringfireball.markdown; path = README.md; sourceTree = "<group>"; };
/* End PBXFileReference section */

/* Begin PBXFileSystemSynchronizedRootGroup section */
		2E2DE0852DBD2E4E00437BD3 /* Cloudvia */ = {
			isa = PBXFileSystemSynchronizedRootGroup;
			path = Cloudvia;
			sourceTree = "<group>";
		};
		2E2DE0972DBD2E5000437BD3 /* CloudviaTests */ = {
			isa = PBXFileSystemSynchronizedRootGroup;
			path = CloudviaTests;
			sourceTree = "<group>";
		};
		2E2DE0A12DBD2E5000437BD3 /* CloudviaUITests */ = {
			isa = PBXFileSystemSynchronizedRootGroup;
			path = CloudviaUITests;
			sourceTree = "<group>";
		};
		2E2DE0B72DBD427400437BD3 /* .github */ = {
			isa = PBXFileSystemSynchronizedRootGroup;
			path = .github;
			sourceTree = "<group>";
		};
/* End PBXFileSystemSynchronizedRootGroup section */

/* Begin PBXFrameworksBuildPhase section */
		2E2DE0802DBD2E4E00437BD3 /* Frameworks */ = {
			isa = PBXFrameworksBuildPhase;
			buildActionMask = 2147483647;
			files = (
			);
			runOnlyForDeploymentPostprocessing = 0;
		};
		2E2DE0912DBD2E5000437BD3 /* Frameworks */ = {
			isa = PBXFrameworksBuildPhase;
			buildActionMask = 2147483647;
			files = (
			);
			runOnlyForDeploymentPostprocessing = 0;
		};
		2E2DE09B2DBD2E5000437BD3 /* Frameworks */ = {
			isa = PBXFrameworksBuildPhase;
			buildActionMask = 2147483647;
			files = (
			);
			runOnlyForDeploymentPostprocessing = 0;
		};
/* End PBXFrameworksBuildPhase section */

/* Begin PBXGroup section */
		2E2DE07A2DBD2E4E00437BD3 = {
			isa = PBXGroup;
			children = (
				2E2DE0B72DBD427400437BD3 /* .github */,
				2E2DE0852DBD2E4E00437BD3 /* Cloudvia */,
				2E2DE0972DBD2E5000437BD3 /* CloudviaTests */,
				2E2DE0A12DBD2E5000437BD3 /* CloudviaUITests */,
				2E2DE0842DBD2E4E00437BD3 /* Products */,
				2E2DE0B12DBD2E6000437BD3 /* LICENSE */,
				2E2DE0B42DBD2E6D00437BD3 /* README.md */,
			);
			sourceTree = "<group>";
		};
		2E2DE0842DBD2E4E00437BD3 /* Products */ = {
			isa = PBXGroup;
			children = (
				2E2DE0832DBD2E4E00437BD3 /* Cloudvia.app */,
				2E2DE0942DBD2E5000437BD3 /* CloudviaTests.xctest */,
				2E2DE09E2DBD2E5000437BD3 /* CloudviaUITests.xctest */,
			);
			name = Products;
			sourceTree = "<group>";
		};
/* End PBXGroup section */

/* Begin PBXNativeTarget section */
		2E2DE0822DBD2E4E00437BD3 /* Cloudvia */ = {
			isa = PBXNativeTarget;
			buildConfigurationList = 2E2DE0A82DBD2E5000437BD3 /* Build configuration list for PBXNativeTarget "Cloudvia" */;
			buildPhases = (
				2E2DE07F2DBD2E4E00437BD3 /* Sources */,
				2E2DE0802DBD2E4E00437BD3 /* Frameworks */,
				2E2DE0812DBD2E4E00437BD3 /* Resources */,
			);
			buildRules = (
			);
			dependencies = (
			);
			fileSystemSynchronizedGroups = (
				2E2DE0852DBD2E4E00437BD3 /* Cloudvia */,
				2E2DE0B72DBD427400437BD3 /* .github */,
			);
			name = Cloudvia;
			packageProductDependencies = (
			);
			productName = Cloudvia;
			productReference = 2E2DE0832DBD2E4E00437BD3 /* Cloudvia.app */;
			productType = "com.apple.product-type.application";
		};
		2E2DE0932DBD2E5000437BD3 /* CloudviaTests */ = {
			isa = PBXNativeTarget;
			buildConfigurationList = 2E2DE0AB2DBD2E5000437BD3 /* Build configuration list for PBXNativeTarget "CloudviaTests" */;
			buildPhases = (
				2E2DE0902DBD2E5000437BD3 /* Sources */,
				2E2DE0912DBD2E5000437BD3 /* Frameworks */,
				2E2DE0922DBD2E5000437BD3 /* Resources */,
			);
			buildRules = (
			);
			dependencies = (
				2E2DE0962DBD2E5000437BD3 /* PBXTargetDependency */,
			);
			fileSystemSynchronizedGroups = (
				2E2DE0972DBD2E5000437BD3 /* CloudviaTests */,
			);
			name = CloudviaTests;
			packageProductDependencies = (
			);
			productName = CloudviaTests;
			productReference = 2E2DE0942DBD2E5000437BD3 /* CloudviaTests.xctest */;
			productType = "com.apple.product-type.bundle.unit-test";
		};
		2E2DE09D2DBD2E5000437BD3 /* CloudviaUITests */ = {
			isa = PBXNativeTarget;
			buildConfigurationList = 2E2DE0AE2DBD2E5000437BD3 /* Build configuration list for PBXNativeTarget "CloudviaUITests" */;
			buildPhases = (
				2E2DE09A2DBD2E5000437BD3 /* Sources */,
				2E2DE09B2DBD2E5000437BD3 /* Frameworks */,
				2E2DE09C2DBD2E5000437BD3 /* Resources */,
			);
			buildRules = (
			);
			dependencies = (
				2E2DE0A02DBD2E5000437BD3 /* PBXTargetDependency */,
			);
			fileSystemSynchronizedGroups = (
				2E2DE0A12DBD2E5000437BD3 /* CloudviaUITests */,
			);
			name = CloudviaUITests;
			packageProductDependencies = (
			);
			productName = CloudviaUITests;
			productReference = 2E2DE09E2DBD2E5000437BD3 /* CloudviaUITests.xctest */;
			productType = "com.apple.product-type.bundle.ui-testing";
		};
/* End PBXNativeTarget section */

/* Begin PBXProject section */
		2E2DE07B2DBD2E4E00437BD3 /* Project object */ = {
			isa = PBXProject;
			attributes = {
				BuildIndependentTargetsInParallel = 1;
				LastSwiftUpdateCheck = 1620;
				LastUpgradeCheck = 1620;
				TargetAttributes = {
					2E2DE0822DBD2E4E00437BD3 = {
						CreatedOnToolsVersion = 16.2;
					};
					2E2DE0932DBD2E5000437BD3 = {
						CreatedOnToolsVersion = 16.2;
						TestTargetID = 2E2DE0822DBD2E4E00437BD3;
					};
					2E2DE09D2DBD2E5000437BD3 = {
						CreatedOnToolsVersion = 16.2;
						TestTargetID = 2E2DE0822DBD2E4E00437BD3;
					};
				};
			};
			buildConfigurationList = 2E2DE07E2DBD2E4E00437BD3 /* Build configuration list for PBXProject "Cloudvia" */;
			developmentRegion = en;
			hasScannedForEncodings = 0;
			knownRegions = (
				en,
				Base,
			);
			mainGroup = 2E2DE07A2DBD2E4E00437BD3;
			minimizedProjectReferenceProxies = 1;
			preferredProjectObjectVersion = 77;
			productRefGroup = 2E2DE0842DBD2E4E00437BD3 /* Products */;
			projectDirPath = "";
			projectRoot = "";
			targets = (
				2E2DE0822DBD2E4E00437BD3 /* Cloudvia */,
				2E2DE0932DBD2E5000437BD3 /* CloudviaTests */,
				2E2DE09D2DBD2E5000437BD3 /* CloudviaUITests */,
			);
		};
/* End PBXProject section */

/* Begin PBXResourcesBuildPhase section */
		2E2DE0812DBD2E4E00437BD3 /* Resources */ = {
			isa = PBXResourcesBuildPhase;
			buildActionMask = 2147483647;
			files = (
				2E2DE0B32DBD2E6300437BD3 /* LICENSE in Resources */,
				2E2DE0B62DBD2E7500437BD3 /* README.md in Resources */,
			);
			runOnlyForDeploymentPostprocessing = 0;
		};
		2E2DE0922DBD2E5000437BD3 /* Resources */ = {
			isa = PBXResourcesBuildPhase;
			buildActionMask = 2147483647;
			files = (
			);
			runOnlyForDeploymentPostprocessing = 0;
		};
		2E2DE09C2DBD2E5000437BD3 /* Resources */ = {
			isa = PBXResourcesBuildPhase;
			buildActionMask = 2147483647;
			files = (
			);
			runOnlyForDeploymentPostprocessing = 0;
		};
/* End PBXResourcesBuildPhase section */

/* Begin PBXSourcesBuildPhase section */
		2E2DE07F2DBD2E4E00437BD3 /* Sources */ = {
			isa = PBXSourcesBuildPhase;
			buildActionMask = 2147483647;
			files = (
			);
			runOnlyForDeploymentPostprocessing = 0;
		};
		2E2DE0902DBD2E5000437BD3 /* Sources */ = {
			isa = PBXSourcesBuildPhase;
			buildActionMask = 2147483647;
			files = (
			);
			runOnlyForDeploymentPostprocessing = 0;
		};
		2E2DE09A2DBD2E5000437BD3 /* Sources */ = {
			isa = PBXSourcesBuildPhase;
			buildActionMask = 2147483647;
			files = (
			);
			runOnlyForDeploymentPostprocessing = 0;
		};
/* End PBXSourcesBuildPhase section */

/* Begin PBXTargetDependency section */
		2E2DE0962DBD2E5000437BD3 /* PBXTargetDependency */ = {
			isa = PBXTargetDependency;
			target = 2E2DE0822DBD2E4E00437BD3 /* Cloudvia */;
			targetProxy = 2E2DE0952DBD2E5000437BD3 /* PBXContainerItemProxy */;
		};
		2E2DE0A02DBD2E5000437BD3 /* PBXTargetDependency */ = {
			isa = PBXTargetDependency;
			target = 2E2DE0822DBD2E4E00437BD3 /* Cloudvia */;
			targetProxy = 2E2DE09F2DBD2E5000437BD3 /* PBXContainerItemProxy */;
		};
/* End PBXTargetDependency section */

/* Begin XCBuildConfiguration section */
		2E2DE0A62DBD2E5000437BD3 /* Debug */ = {
			isa = XCBuildConfiguration;
			buildSettings = {
				ALWAYS_SEARCH_USER_PATHS = NO;
				ASSETCATALOG_COMPILER_GENERATE_SWIFT_ASSET_SYMBOL_EXTENSIONS = YES;
				CLANG_ANALYZER_NONNULL = YES;
				CLANG_ANALYZER_NUMBER_OBJECT_CONVERSION = YES_AGGRESSIVE;
				CLANG_CXX_LANGUAGE_STANDARD = "gnu++20";
				CLANG_ENABLE_MODULES = YES;
				CLANG_ENABLE_OBJC_ARC = YES;
				CLANG_ENABLE_OBJC_WEAK = YES;
				CLANG_WARN_BLOCK_CAPTURE_AUTORELEASING = YES;
				CLANG_WARN_BOOL_CONVERSION = YES;
				CLANG_WARN_COMMA = YES;
				CLANG_WARN_CONSTANT_CONVERSION = YES;
				CLANG_WARN_DEPRECATED_OBJC_IMPLEMENTATIONS = YES;
				CLANG_WARN_DIRECT_OBJC_ISA_USAGE = YES_ERROR;
				CLANG_WARN_DOCUMENTATION_COMMENTS = YES;
				CLANG_WARN_EMPTY_BODY = YES;
				CLANG_WARN_ENUM_CONVERSION = YES;
				CLANG_WARN_INFINITE_RECURSION = YES;
				CLANG_WARN_INT_CONVERSION = YES;
				CLANG_WARN_NON_LITERAL_NULL_CONVERSION = YES;
				CLANG_WARN_OBJC_IMPLICIT_RETAIN_SELF = YES;
				CLANG_WARN_OBJC_LITERAL_CONVERSION = YES;
				CLANG_WARN_OBJC_ROOT_CLASS = YES_ERROR;
				CLANG_WARN_QUOTED_INCLUDE_IN_FRAMEWORK_HEADER = YES;
				CLANG_WARN_RANGE_LOOP_ANALYSIS = YES;
				CLANG_WARN_STRICT_PROTOTYPES = YES;
				CLANG_WARN_SUSPICIOUS_MOVE = YES;
				CLANG_WARN_UNGUARDED_AVAILABILITY = YES_AGGRESSIVE;
				CLANG_WARN_UNREACHABLE_CODE = YES;
				CLANG_WARN__DUPLICATE_METHOD_MATCH = YES;
				COPY_PHASE_STRIP = NO;
				DEBUG_INFORMATION_FORMAT = dwarf;
				ENABLE_STRICT_OBJC_MSGSEND = YES;
				ENABLE_TESTABILITY = YES;
				ENABLE_USER_SCRIPT_SANDBOXING = YES;
				GCC_C_LANGUAGE_STANDARD = gnu17;
				GCC_DYNAMIC_NO_PIC = NO;
				GCC_NO_COMMON_BLOCKS = YES;
				GCC_OPTIMIZATION_LEVEL = 0;
				GCC_PREPROCESSOR_DEFINITIONS = (
					"DEBUG=1",
					"$(inherited)",
				);
				GCC_WARN_64_TO_32_BIT_CONVERSION = YES;
				GCC_WARN_ABOUT_RETURN_TYPE = YES_ERROR;
				GCC_WARN_UNDECLARED_SELECTOR = YES;
				GCC_WARN_UNINITIALIZED_AUTOS = YES_AGGRESSIVE;
				GCC_WARN_UNUSED_FUNCTION = YES;
				GCC_WARN_UNUSED_VARIABLE = YES;
				LOCALIZATION_PREFERS_STRING_CATALOGS = YES;
				MTL_ENABLE_DEBUG_INFO = INCLUDE_SOURCE;
				MTL_FAST_MATH = YES;
				ONLY_ACTIVE_ARCH = YES;
				SWIFT_ACTIVE_COMPILATION_CONDITIONS = "DEBUG $(inherited)";
				SWIFT_OPTIMIZATION_LEVEL = "-Onone";
			};
			name = Debug;
		};
		2E2DE0A72DBD2E5000437BD3 /* Release */ = {
			isa = XCBuildConfiguration;
			buildSettings = {
				ALWAYS_SEARCH_USER_PATHS = NO;
				ASSETCATALOG_COMPILER_GENERATE_SWIFT_ASSET_SYMBOL_EXTENSIONS = YES;
				CLANG_ANALYZER_NONNULL = YES;
				CLANG_ANALYZER_NUMBER_OBJECT_CONVERSION = YES_AGGRESSIVE;
				CLANG_CXX_LANGUAGE_STANDARD = "gnu++20";
				CLANG_ENABLE_MODULES = YES;
				CLANG_ENABLE_OBJC_ARC = YES;
				CLANG_ENABLE_OBJC_WEAK = YES;
				CLANG_WARN_BLOCK_CAPTURE_AUTORELEASING = YES;
				CLANG_WARN_BOOL_CONVERSION = YES;
				CLANG_WARN_COMMA = YES;
				CLANG_WARN_CONSTANT_CONVERSION = YES;
				CLANG_WARN_DEPRECATED_OBJC_IMPLEMENTATIONS = YES;
				CLANG_WARN_DIRECT_OBJC_ISA_USAGE = YES_ERROR;
				CLANG_WARN_DOCUMENTATION_COMMENTS = YES;
				CLANG_WARN_EMPTY_BODY = YES;
				CLANG_WARN_ENUM_CONVERSION = YES;
				CLANG_WARN_INFINITE_RECURSION = YES;
				CLANG_WARN_INT_CONVERSION = YES;
				CLANG_WARN_NON_LITERAL_NULL_CONVERSION = YES;
				CLANG_WARN_OBJC_IMPLICIT_RETAIN_SELF = YES;
				CLANG_WARN_OBJC_LITERAL_CONVERSION = YES;
				CLANG_WARN_OBJC_ROOT_CLASS = YES_ERROR;
				CLANG_WARN_QUOTED_INCLUDE_IN_FRAMEWORK_HEADER = YES;
				CLANG_WARN_RANGE_LOOP_ANALYSIS = YES;
				CLANG_WARN_STRICT_PROTOTYPES = YES;
				CLANG_WARN_SUSPICIOUS_MOVE = YES;
				CLANG_WARN_UNGUARDED_AVAILABILITY = YES_AGGRESSIVE;
				CLANG_WARN_UNREACHABLE_CODE = YES;
				CLANG_WARN__DUPLICATE_METHOD_MATCH = YES;
				COPY_PHASE_STRIP = NO;
				DEBUG_INFORMATION_FORMAT = "dwarf-with-dsym";
				ENABLE_NS_ASSERTIONS = NO;
				ENABLE_STRICT_OBJC_MSGSEND = YES;
				ENABLE_USER_SCRIPT_SANDBOXING = YES;
				GCC_C_LANGUAGE_STANDARD = gnu17;
				GCC_NO_COMMON_BLOCKS = YES;
				GCC_WARN_64_TO_32_BIT_CONVERSION = YES;
				GCC_WARN_ABOUT_RETURN_TYPE = YES_ERROR;
				GCC_WARN_UNDECLARED_SELECTOR = YES;
				GCC_WARN_UNINITIALIZED_AUTOS = YES_AGGRESSIVE;
				GCC_WARN_UNUSED_FUNCTION = YES;
				GCC_WARN_UNUSED_VARIABLE = YES;
				LOCALIZATION_PREFERS_STRING_CATALOGS = YES;
				MTL_ENABLE_DEBUG_INFO = NO;
				MTL_FAST_MATH = YES;
				SWIFT_COMPILATION_MODE = wholemodule;
			};
			name = Release;
		};
		2E2DE0A92DBD2E5000437BD3 /* Debug */ = {
			isa = XCBuildConfiguration;
			buildSettings = {
				ASSETCATALOG_COMPILER_APPICON_NAME = AppIcon;
				ASSETCATALOG_COMPILER_GLOBAL_ACCENT_COLOR_NAME = AccentColor;
				CODE_SIGN_ENTITLEMENTS = Cloudvia/Cloudvia.entitlements;
				"CODE_SIGN_IDENTITY[sdk=macosx*]" = "-";
				CODE_SIGN_STYLE = Automatic;
				CURRENT_PROJECT_VERSION = 1;
				DEVELOPMENT_ASSET_PATHS = "\"Cloudvia/Preview Content\"";
				DEVELOPMENT_TEAM = JA4M5WYBV5;
				ENABLE_HARDENED_RUNTIME = YES;
				ENABLE_PREVIEWS = YES;
				GENERATE_INFOPLIST_FILE = YES;
				"INFOPLIST_KEY_UIApplicationSceneManifest_Generation[sdk=iphoneos*]" = YES;
				"INFOPLIST_KEY_UIApplicationSceneManifest_Generation[sdk=iphonesimulator*]" = YES;
				"INFOPLIST_KEY_UIApplicationSupportsIndirectInputEvents[sdk=iphoneos*]" = YES;
				"INFOPLIST_KEY_UIApplicationSupportsIndirectInputEvents[sdk=iphonesimulator*]" = YES;
				"INFOPLIST_KEY_UILaunchScreen_Generation[sdk=iphoneos*]" = YES;
				"INFOPLIST_KEY_UILaunchScreen_Generation[sdk=iphonesimulator*]" = YES;
				"INFOPLIST_KEY_UIStatusBarStyle[sdk=iphoneos*]" = UIStatusBarStyleDefault;
				"INFOPLIST_KEY_UIStatusBarStyle[sdk=iphonesimulator*]" = UIStatusBarStyleDefault;
				INFOPLIST_KEY_UISupportedInterfaceOrientations_iPad = "UIInterfaceOrientationPortrait UIInterfaceOrientationPortraitUpsideDown UIInterfaceOrientationLandscapeLeft UIInterfaceOrientationLandscapeRight";
				INFOPLIST_KEY_UISupportedInterfaceOrientations_iPhone = "UIInterfaceOrientationPortrait UIInterfaceOrientationLandscapeLeft UIInterfaceOrientationLandscapeRight";
				IPHONEOS_DEPLOYMENT_TARGET = 18.2;
				LD_RUNPATH_SEARCH_PATHS = "@executable_path/Frameworks";
				"LD_RUNPATH_SEARCH_PATHS[sdk=macosx*]" = "@executable_path/../Frameworks";
				MACOSX_DEPLOYMENT_TARGET = 15.2;
				MARKETING_VERSION = 1.0;
				PRODUCT_BUNDLE_IDENTIFIER = app.Cloudvia;
				PRODUCT_NAME = "$(TARGET_NAME)";
				SDKROOT = auto;
				SUPPORTED_PLATFORMS = "iphoneos iphonesimulator macosx xros xrsimulator";
				SWIFT_EMIT_LOC_STRINGS = YES;
				SWIFT_VERSION = 5.0;
				TARGETED_DEVICE_FAMILY = "1,2,7";
				XROS_DEPLOYMENT_TARGET = 2.2;
			};
			name = Debug;
		};
		2E2DE0AA2DBD2E5000437BD3 /* Release */ = {
			isa = XCBuildConfiguration;
			buildSettings = {
				ASSETCATALOG_COMPILER_APPICON_NAME = AppIcon;
				ASSETCATALOG_COMPILER_GLOBAL_ACCENT_COLOR_NAME = AccentColor;
				CODE_SIGN_ENTITLEMENTS = Cloudvia/Cloudvia.entitlements;
				"CODE_SIGN_IDENTITY[sdk=macosx*]" = "-";
				CODE_SIGN_STYLE = Automatic;
				CURRENT_PROJECT_VERSION = 1;
				DEVELOPMENT_ASSET_PATHS = "\"Cloudvia/Preview Content\"";
				DEVELOPMENT_TEAM = JA4M5WYBV5;
				ENABLE_HARDENED_RUNTIME = YES;
				ENABLE_PREVIEWS = YES;
				GENERATE_INFOPLIST_FILE = YES;
				"INFOPLIST_KEY_UIApplicationSceneManifest_Generation[sdk=iphoneos*]" = YES;
				"INFOPLIST_KEY_UIApplicationSceneManifest_Generation[sdk=iphonesimulator*]" = YES;
				"INFOPLIST_KEY_UIApplicationSupportsIndirectInputEvents[sdk=iphoneos*]" = YES;
				"INFOPLIST_KEY_UIApplicationSupportsIndirectInputEvents[sdk=iphonesimulator*]" = YES;
				"INFOPLIST_KEY_UILaunchScreen_Generation[sdk=iphoneos*]" = YES;
				"INFOPLIST_KEY_UILaunchScreen_Generation[sdk=iphonesimulator*]" = YES;
				"INFOPLIST_KEY_UIStatusBarStyle[sdk=iphoneos*]" = UIStatusBarStyleDefault;
				"INFOPLIST_KEY_UIStatusBarStyle[sdk=iphonesimulator*]" = UIStatusBarStyleDefault;
				INFOPLIST_KEY_UISupportedInterfaceOrientations_iPad = "UIInterfaceOrientationPortrait UIInterfaceOrientationPortraitUpsideDown UIInterfaceOrientationLandscapeLeft UIInterfaceOrientationLandscapeRight";
				INFOPLIST_KEY_UISupportedInterfaceOrientations_iPhone = "UIInterfaceOrientationPortrait UIInterfaceOrientationLandscapeLeft UIInterfaceOrientationLandscapeRight";
				IPHONEOS_DEPLOYMENT_TARGET = 18.2;
				LD_RUNPATH_SEARCH_PATHS = "@executable_path/Frameworks";
				"LD_RUNPATH_SEARCH_PATHS[sdk=macosx*]" = "@executable_path/../Frameworks";
				MACOSX_DEPLOYMENT_TARGET = 15.2;
				MARKETING_VERSION = 1.0;
				PRODUCT_BUNDLE_IDENTIFIER = app.Cloudvia;
				PRODUCT_NAME = "$(TARGET_NAME)";
				SDKROOT = auto;
				SUPPORTED_PLATFORMS = "iphoneos iphonesimulator macosx xros xrsimulator";
				SWIFT_EMIT_LOC_STRINGS = YES;
				SWIFT_VERSION = 5.0;
				TARGETED_DEVICE_FAMILY = "1,2,7";
				XROS_DEPLOYMENT_TARGET = 2.2;
			};
			name = Release;
		};
		2E2DE0AC2DBD2E5000437BD3 /* Debug */ = {
			isa = XCBuildConfiguration;
			buildSettings = {
				BUNDLE_LOADER = "$(TEST_HOST)";
				CODE_SIGN_STYLE = Automatic;
				CURRENT_PROJECT_VERSION = 1;
				DEVELOPMENT_TEAM = JA4M5WYBV5;
				GENERATE_INFOPLIST_FILE = YES;
				IPHONEOS_DEPLOYMENT_TARGET = 18.2;
				MACOSX_DEPLOYMENT_TARGET = 15.2;
				MARKETING_VERSION = 1.0;
				PRODUCT_BUNDLE_IDENTIFIER = app.CloudviaTests;
				PRODUCT_NAME = "$(TARGET_NAME)";
				SDKROOT = auto;
				SUPPORTED_PLATFORMS = "iphoneos iphonesimulator macosx xros xrsimulator";
				SWIFT_EMIT_LOC_STRINGS = NO;
				SWIFT_VERSION = 5.0;
				TARGETED_DEVICE_FAMILY = "1,2,7";
				TEST_HOST = "$(BUILT_PRODUCTS_DIR)/Cloudvia.app/$(BUNDLE_EXECUTABLE_FOLDER_PATH)/Cloudvia";
				XROS_DEPLOYMENT_TARGET = 2.2;
			};
			name = Debug;
		};
		2E2DE0AD2DBD2E5000437BD3 /* Release */ = {
			isa = XCBuildConfiguration;
			buildSettings = {
				BUNDLE_LOADER = "$(TEST_HOST)";
				CODE_SIGN_STYLE = Automatic;
				CURRENT_PROJECT_VERSION = 1;
				DEVELOPMENT_TEAM = JA4M5WYBV5;
				GENERATE_INFOPLIST_FILE = YES;
				IPHONEOS_DEPLOYMENT_TARGET = 18.2;
				MACOSX_DEPLOYMENT_TARGET = 15.2;
				MARKETING_VERSION = 1.0;
				PRODUCT_BUNDLE_IDENTIFIER = app.CloudviaTests;
				PRODUCT_NAME = "$(TARGET_NAME)";
				SDKROOT = auto;
				SUPPORTED_PLATFORMS = "iphoneos iphonesimulator macosx xros xrsimulator";
				SWIFT_EMIT_LOC_STRINGS = NO;
				SWIFT_VERSION = 5.0;
				TARGETED_DEVICE_FAMILY = "1,2,7";
				TEST_HOST = "$(BUILT_PRODUCTS_DIR)/Cloudvia.app/$(BUNDLE_EXECUTABLE_FOLDER_PATH)/Cloudvia";
				XROS_DEPLOYMENT_TARGET = 2.2;
			};
			name = Release;
		};
		2E2DE0AF2DBD2E5000437BD3 /* Debug */ = {
			isa = XCBuildConfiguration;
			buildSettings = {
				CODE_SIGN_STYLE = Automatic;
				CURRENT_PROJECT_VERSION = 1;
				DEVELOPMENT_TEAM = JA4M5WYBV5;
				GENERATE_INFOPLIST_FILE = YES;
				IPHONEOS_DEPLOYMENT_TARGET = 18.2;
				MACOSX_DEPLOYMENT_TARGET = 15.2;
				MARKETING_VERSION = 1.0;
				PRODUCT_BUNDLE_IDENTIFIER = app.CloudviaUITests;
				PRODUCT_NAME = "$(TARGET_NAME)";
				SDKROOT = auto;
				SUPPORTED_PLATFORMS = "iphoneos iphonesimulator macosx xros xrsimulator";
				SWIFT_EMIT_LOC_STRINGS = NO;
				SWIFT_VERSION = 5.0;
				TARGETED_DEVICE_FAMILY = "1,2,7";
				TEST_TARGET_NAME = Cloudvia;
				XROS_DEPLOYMENT_TARGET = 2.2;
			};
			name = Debug;
		};
		2E2DE0B02DBD2E5000437BD3 /* Release */ = {
			isa = XCBuildConfiguration;
			buildSettings = {
				CODE_SIGN_STYLE = Automatic;
				CURRENT_PROJECT_VERSION = 1;
				DEVELOPMENT_TEAM = JA4M5WYBV5;
				GENERATE_INFOPLIST_FILE = YES;
				IPHONEOS_DEPLOYMENT_TARGET = 18.2;
				MACOSX_DEPLOYMENT_TARGET = 15.2;
				MARKETING_VERSION = 1.0;
				PRODUCT_BUNDLE_IDENTIFIER = app.CloudviaUITests;
				PRODUCT_NAME = "$(TARGET_NAME)";
				SDKROOT = auto;
				SUPPORTED_PLATFORMS = "iphoneos iphonesimulator macosx xros xrsimulator";
				SWIFT_EMIT_LOC_STRINGS = NO;
				SWIFT_VERSION = 5.0;
				TARGETED_DEVICE_FAMILY = "1,2,7";
				TEST_TARGET_NAME = Cloudvia;
				XROS_DEPLOYMENT_TARGET = 2.2;
			};
			name = Release;
		};
/* End XCBuildConfiguration section */

/* Begin XCConfigurationList section */
		2E2DE07E2DBD2E4E00437BD3 /* Build configuration list for PBXProject "Cloudvia" */ = {
			isa = XCConfigurationList;
			buildConfigurations = (
				2E2DE0A62DBD2E5000437BD3 /* Debug */,
				2E2DE0A72DBD2E5000437BD3 /* Release */,
			);
			defaultConfigurationIsVisible = 0;
			defaultConfigurationName = Release;
		};
		2E2DE0A82DBD2E5000437BD3 /* Build configuration list for PBXNativeTarget "Cloudvia" */ = {
			isa = XCConfigurationList;
			buildConfigurations = (
				2E2DE0A92DBD2E5000437BD3 /* Debug */,
				2E2DE0AA2DBD2E5000437BD3 /* Release */,
			);
			defaultConfigurationIsVisible = 0;
			defaultConfigurationName = Release;
		};
		2E2DE0AB2DBD2E5000437BD3 /* Build configuration list for PBXNativeTarget "CloudviaTests" */ = {
			isa = XCConfigurationList;
			buildConfigurations = (
				2E2DE0AC2DBD2E5000437BD3 /* Debug */,
				2E2DE0AD2DBD2E5000437BD3 /* Release */,
			);
			defaultConfigurationIsVisible = 0;
			defaultConfigurationName = Release;
		};
		2E2DE0AE2DBD2E5000437BD3 /* Build configuration list for PBXNativeTarget "CloudviaUITests" */ = {
			isa = XCConfigurationList;
			buildConfigurations = (
				2E2DE0AF2DBD2E5000437BD3 /* Debug */,
				2E2DE0B02DBD2E5000437BD3 /* Release */,
			);
			defaultConfigurationIsVisible = 0;
			defaultConfigurationName = Release;
		};
/* End XCConfigurationList section */
	};
	rootObject = 2E2DE07B2DBD2E4E00437BD3 /* Project object */;
}
